
Microsoft Visual Studio Solution File, Format Version 12.00
# Visual Studio Version 16
VisualStudioVersion = 16.0.28803.352
MinimumVisualStudioVersion = 10.0.40219.1
Project("{9A19103F-16F7-4668-BE54-9A1E7A4F7556}") = "DFC.Composite.Shell", "DFC.Composite.Shell\DFC.Composite.Shell.csproj", "{80508BC7-EBF7-4F48-83B6-02C6D0B2E60A}"
EndProject
Project("{9A19103F-16F7-4668-BE54-9A1E7A4F7556}") = "DFC.Composite.Shell.Test", "DFC.Composite.Shell.Test\DFC.Composite.Shell.Test.csproj", "{405FF219-6887-4D27-9F74-2A1FF4EFD062}"
EndProject
Project("{2150E333-8FDC-42A3-9474-1A3956D46DE8}") = "_Solution Items", "_Solution Items", "{EC09364A-8219-4180-95AD-327D219E6E15}"
	ProjectSection(SolutionItems) = preProject
		DFC.Digital.CodeAnalysis.ruleset = DFC.Digital.CodeAnalysis.ruleset
		LICENSE = LICENSE
		README.md = README.md
		stylecop.json = stylecop.json
		UnitTests.CodeAnalysis.ruleset = UnitTests.CodeAnalysis.ruleset
	EndProjectSection
EndProject
Project("{FAE04EC0-301F-11D3-BF4B-00C04F79EFBC}") = "DFC.Composite.Shell.Integration.Test", "DFC.Composite.Shell.Integration.Test\DFC.Composite.Shell.Integration.Test.csproj", "{F4953E44-C13F-4322-B5E3-BAC8E3F5BDEB}"
EndProject
Global
	GlobalSection(SolutionConfigurationPlatforms) = preSolution
		Debug|Any CPU = Debug|Any CPU
		Release|Any CPU = Release|Any CPU
	EndGlobalSection
	GlobalSection(ProjectConfigurationPlatforms) = postSolution
		{80508BC7-EBF7-4F48-83B6-02C6D0B2E60A}.Debug|Any CPU.ActiveCfg = Debug|Any CPU
		{80508BC7-EBF7-4F48-83B6-02C6D0B2E60A}.Debug|Any CPU.Build.0 = Debug|Any CPU
		{80508BC7-EBF7-4F48-83B6-02C6D0B2E60A}.Release|Any CPU.ActiveCfg = Release|Any CPU
		{80508BC7-EBF7-4F48-83B6-02C6D0B2E60A}.Release|Any CPU.Build.0 = Release|Any CPU
		{405FF219-6887-4D27-9F74-2A1FF4EFD062}.Debug|Any CPU.ActiveCfg = Debug|Any CPU
		{405FF219-6887-4D27-9F74-2A1FF4EFD062}.Debug|Any CPU.Build.0 = Debug|Any CPU
		{405FF219-6887-4D27-9F74-2A1FF4EFD062}.Release|Any CPU.ActiveCfg = Release|Any CPU
		{405FF219-6887-4D27-9F74-2A1FF4EFD062}.Release|Any CPU.Build.0 = Release|Any CPU
		{F4953E44-C13F-4322-B5E3-BAC8E3F5BDEB}.Debug|Any CPU.ActiveCfg = Debug|Any CPU
		{F4953E44-C13F-4322-B5E3-BAC8E3F5BDEB}.Debug|Any CPU.Build.0 = Debug|Any CPU
		{F4953E44-C13F-4322-B5E3-BAC8E3F5BDEB}.Release|Any CPU.ActiveCfg = Release|Any CPU
		{F4953E44-C13F-4322-B5E3-BAC8E3F5BDEB}.Release|Any CPU.Build.0 = Release|Any CPU
	EndGlobalSection
	GlobalSection(SolutionProperties) = preSolution
		HideSolutionNode = FALSE
	EndGlobalSection
	GlobalSection(ExtensibilityGlobals) = postSolution
		SolutionGuid = {5CA06025-65DE-4792-B478-7CFB4BB5162C}
	EndGlobalSection
EndGlobal
