
Microsoft Visual Studio Solution File, Format Version 12.00
# Visual Studio Version 16
VisualStudioVersion = 16.0.28803.352
MinimumVisualStudioVersion = 10.0.40219.1
Project("{9A19103F-16F7-4668-BE54-9A1E7A4F7556}") = "DFC.Composite.Shell", "DFC.Composite.Shell\DFC.Composite.Shell.csproj", "{80508BC7-EBF7-4F48-83B6-02C6D0B2E60A}"
EndProject
Project("{9A19103F-16F7-4668-BE54-9A1E7A4F7556}") = "DFC.Composite.Shell.UnitTests", "DFC.Composite.Shell.UnitTests\DFC.Composite.Shell.UnitTests.csproj", "{405FF219-6887-4D27-9F74-2A1FF4EFD062}"
EndProject
Project("{2150E333-8FDC-42A3-9474-1A3956D46DE8}") = "_Solution Items", "_Solution Items", "{EC09364A-8219-4180-95AD-327D219E6E15}"
	ProjectSection(SolutionItems) = preProject
		DFC.Digital.CodeAnalysis.ruleset = DFC.Digital.CodeAnalysis.ruleset
		LICENSE = LICENSE
		README.md = README.md
		PageRegistration\registration.json = PageRegistration\registration.json
		stylecop.json = stylecop.json
		UnitTests.CodeAnalysis.ruleset = UnitTests.CodeAnalysis.ruleset
	EndProjectSection
EndProject
Project("{9A19103F-16F7-4668-BE54-9A1E7A4F7556}") = "DFC.Composite.Shell.IntegrationTests", "DFC.Composite.Shell.IntegrationTests\DFC.Composite.Shell.IntegrationTests.csproj", "{F4953E44-C13F-4322-B5E3-BAC8E3F5BDEB}"
EndProject
Project("{9A19103F-16F7-4668-BE54-9A1E7A4F7556}") = "DFC.Composite.Shell.Views.UnitTests", "DFC.Composite.Shell.Views.UnitTests\DFC.Composite.Shell.Views.UnitTests.csproj", "{B1951870-4D2F-4EAD-BDCE-DC1033237212}"
EndProject
Project("{2150E333-8FDC-42A3-9474-1A3956D46DE8}") = "Services", "Services", "{29362C4D-B10A-469C-81E9-B0678A5908F8}"
EndProject
Project("{9A19103F-16F7-4668-BE54-9A1E7A4F7556}") = "DFC.Composite.Shell.Services", "DFC.Composite.Shell.Services\DFC.Composite.Shell.Services.csproj", "{9AF8E7FB-481C-4D2B-9DA3-422B2A7D68D1}"
EndProject
Project("{2150E333-8FDC-42A3-9474-1A3956D46DE8}") = "Models", "Models", "{8C643C75-B245-40A2-BF7F-E50933A262C6}"
EndProject
Project("{9A19103F-16F7-4668-BE54-9A1E7A4F7556}") = "DFC.Composite.Shell.Models", "DFC.Composite.Shell.Models\DFC.Composite.Shell.Models.csproj", "{514C084D-C4DB-4DA7-A7AB-A953F7994158}"
EndProject
Global
	GlobalSection(SolutionConfigurationPlatforms) = preSolution
		Debug|Any CPU = Debug|Any CPU
		Release|Any CPU = Release|Any CPU
	EndGlobalSection
	GlobalSection(ProjectConfigurationPlatforms) = postSolution
		{80508BC7-EBF7-4F48-83B6-02C6D0B2E60A}.Debug|Any CPU.ActiveCfg = Debug|Any CPU
		{80508BC7-EBF7-4F48-83B6-02C6D0B2E60A}.Debug|Any CPU.Build.0 = Debug|Any CPU
		{80508BC7-EBF7-4F48-83B6-02C6D0B2E60A}.Release|Any CPU.ActiveCfg = Release|Any CPU
		{80508BC7-EBF7-4F48-83B6-02C6D0B2E60A}.Release|Any CPU.Build.0 = Release|Any CPU
		{405FF219-6887-4D27-9F74-2A1FF4EFD062}.Debug|Any CPU.ActiveCfg = Debug|Any CPU
		{405FF219-6887-4D27-9F74-2A1FF4EFD062}.Debug|Any CPU.Build.0 = Debug|Any CPU
		{405FF219-6887-4D27-9F74-2A1FF4EFD062}.Release|Any CPU.ActiveCfg = Release|Any CPU
		{405FF219-6887-4D27-9F74-2A1FF4EFD062}.Release|Any CPU.Build.0 = Release|Any CPU
		{F4953E44-C13F-4322-B5E3-BAC8E3F5BDEB}.Debug|Any CPU.ActiveCfg = Debug|Any CPU
		{F4953E44-C13F-4322-B5E3-BAC8E3F5BDEB}.Debug|Any CPU.Build.0 = Debug|Any CPU
		{F4953E44-C13F-4322-B5E3-BAC8E3F5BDEB}.Release|Any CPU.ActiveCfg = Release|Any CPU
		{F4953E44-C13F-4322-B5E3-BAC8E3F5BDEB}.Release|Any CPU.Build.0 = Release|Any CPU
		{B1951870-4D2F-4EAD-BDCE-DC1033237212}.Debug|Any CPU.ActiveCfg = Debug|Any CPU
		{B1951870-4D2F-4EAD-BDCE-DC1033237212}.Debug|Any CPU.Build.0 = Debug|Any CPU
		{B1951870-4D2F-4EAD-BDCE-DC1033237212}.Release|Any CPU.ActiveCfg = Release|Any CPU
		{B1951870-4D2F-4EAD-BDCE-DC1033237212}.Release|Any CPU.Build.0 = Release|Any CPU
		{9AF8E7FB-481C-4D2B-9DA3-422B2A7D68D1}.Debug|Any CPU.ActiveCfg = Debug|Any CPU
		{9AF8E7FB-481C-4D2B-9DA3-422B2A7D68D1}.Debug|Any CPU.Build.0 = Debug|Any CPU
		{9AF8E7FB-481C-4D2B-9DA3-422B2A7D68D1}.Release|Any CPU.ActiveCfg = Release|Any CPU
		{9AF8E7FB-481C-4D2B-9DA3-422B2A7D68D1}.Release|Any CPU.Build.0 = Release|Any CPU
		{514C084D-C4DB-4DA7-A7AB-A953F7994158}.Debug|Any CPU.ActiveCfg = Debug|Any CPU
		{514C084D-C4DB-4DA7-A7AB-A953F7994158}.Debug|Any CPU.Build.0 = Debug|Any CPU
		{514C084D-C4DB-4DA7-A7AB-A953F7994158}.Release|Any CPU.ActiveCfg = Release|Any CPU
		{514C084D-C4DB-4DA7-A7AB-A953F7994158}.Release|Any CPU.Build.0 = Release|Any CPU
	EndGlobalSection
	GlobalSection(SolutionProperties) = preSolution
		HideSolutionNode = FALSE
	EndGlobalSection
	GlobalSection(NestedProjects) = preSolution
		{9AF8E7FB-481C-4D2B-9DA3-422B2A7D68D1} = {29362C4D-B10A-469C-81E9-B0678A5908F8}
		{514C084D-C4DB-4DA7-A7AB-A953F7994158} = {8C643C75-B245-40A2-BF7F-E50933A262C6}
	EndGlobalSection
	GlobalSection(ExtensibilityGlobals) = postSolution
		SolutionGuid = {5CA06025-65DE-4792-B478-7CFB4BB5162C}
	EndGlobalSection
EndGlobal
